// !$*UTF8*$!
{
	archiveVersion = 1;
	classes = {
	};
	objectVersion = 46;
	objects = {

/* Begin PBXBuildFile section */
		0A7C0081190110B200556313 /* MainTableViewController.m in Sources */ = {isa = PBXBuildFile; fileRef = 0A7C0080190110B200556313 /* MainTableViewController.m */; };
		0A7EBC02191B5076008F4F1E /* account.png in Resources */ = {isa = PBXBuildFile; fileRef = 0A7EBBFC191B5076008F4F1E /* account.png */; };
		0A7EBC03191B5076008F4F1E /* askreddit.png in Resources */ = {isa = PBXBuildFile; fileRef = 0A7EBBFD191B5076008F4F1E /* askreddit.png */; };
		0A7EBC04191B5076008F4F1E /* games.png in Resources */ = {isa = PBXBuildFile; fileRef = 0A7EBBFE191B5076008F4F1E /* games.png */; };
		0A7EBC05191B5076008F4F1E /* news.png in Resources */ = {isa = PBXBuildFile; fileRef = 0A7EBBFF191B5076008F4F1E /* news.png */; };
		0A7EBC06191B5076008F4F1E /* PICS.png in Resources */ = {isa = PBXBuildFile; fileRef = 0A7EBC00191B5076008F4F1E /* PICS.png */; };
		0A7EBC07191B5076008F4F1E /* worldnews.png in Resources */ = {isa = PBXBuildFile; fileRef = 0A7EBC01191B5076008F4F1E /* worldnews.png */; };
		0A7EBC09191B50D3008F4F1E /* running.png in Resources */ = {isa = PBXBuildFile; fileRef = 0A7EBC08191B50D3008F4F1E /* running.png */; };
		0ACE6CFC190A060000E5E4DD /* SWRevealViewController.m in Sources */ = {isa = PBXBuildFile; fileRef = 0ACE6CFB190A060000E5E4DD /* SWRevealViewController.m */; };
		0ACE6D22190A122F00E5E4DD /* MainStoryboard.storyboard in Resources */ = {isa = PBXBuildFile; fileRef = 0ACE6D21190A122F00E5E4DD /* MainStoryboard.storyboard */; };
		0ACE6D27190A233200E5E4DD /* gear.png in Resources */ = {isa = PBXBuildFile; fileRef = 0ACE6D25190A233200E5E4DD /* gear.png */; };
		0ACE6D29190A24D900E5E4DD /* reddit-32-black.png in Resources */ = {isa = PBXBuildFile; fileRef = 0ACE6D28190A24D900E5E4DD /* reddit-32-black.png */; };
		0ACE6D2B190A255000E5E4DD /* reddit-128-black.png in Resources */ = {isa = PBXBuildFile; fileRef = 0ACE6D2A190A255000E5E4DD /* reddit-128-black.png */; };
		0ACE6D2F190A2B4B00E5E4DD /* menu@2x.png in Resources */ = {isa = PBXBuildFile; fileRef = 0ACE6D2E190A2B4B00E5E4DD /* menu@2x.png */; };
		0ACE6D38190A3BB200E5E4DD /* ListViewController.m in Sources */ = {isa = PBXBuildFile; fileRef = 0ACE6D31190A3BB200E5E4DD /* ListViewController.m */; };
		0ACE6D3B190A3BB200E5E4DD /* SidebarViewController.m in Sources */ = {isa = PBXBuildFile; fileRef = 0ACE6D37190A3BB200E5E4DD /* SidebarViewController.m */; };
		0AFE45711910A36E00C127B7 /* PostViewController.m in Sources */ = {isa = PBXBuildFile; fileRef = 0AFE45701910A36E00C127B7 /* PostViewController.m */; };
		9A14FDD8190FA94000B8D141 /* SearchListViewController.m in Sources */ = {isa = PBXBuildFile; fileRef = 9A14FDD7190FA94000B8D141 /* SearchListViewController.m */; };
		9A14FDDE190FB2AA00B8D141 /* UIScrollView+SVInfiniteScrolling.m in Sources */ = {isa = PBXBuildFile; fileRef = 9A14FDDB190FB2AA00B8D141 /* UIScrollView+SVInfiniteScrolling.m */; };
		9A14FDDF190FB2AA00B8D141 /* UIScrollView+SVPullToRefresh.m in Sources */ = {isa = PBXBuildFile; fileRef = 9A14FDDD190FB2AA00B8D141 /* UIScrollView+SVPullToRefresh.m */; };
		9A1BD6A518F4D4DB00BF468B /* RedditorEngine.m in Sources */ = {isa = PBXBuildFile; fileRef = 9A1BD6A418F4D4DB00BF468B /* RedditorEngine.m */; };
		9A1BD6A818F4D59A00BF468B /* RedditPost.m in Sources */ = {isa = PBXBuildFile; fileRef = 9A1BD6A718F4D59A00BF468B /* RedditPost.m */; };
		9A1BD6AB18F4DC1500BF468B /* RedditAPIConnector.m in Sources */ = {isa = PBXBuildFile; fileRef = 9A1BD6AA18F4DC1500BF468B /* RedditAPIConnector.m */; };
		9A393686191A4A85002BA5D5 /* ChangePWViewController.m in Sources */ = {isa = PBXBuildFile; fileRef = 9A393685191A4A85002BA5D5 /* ChangePWViewController.m */; };
		9A61F21E1918A6FC00CD209F /* ReplyViewController.m in Sources */ = {isa = PBXBuildFile; fileRef = 9A61F21D1918A6FC00CD209F /* ReplyViewController.m */; };
		9A8369641915E8700048FB2C /* AccountViewController.m in Sources */ = {isa = PBXBuildFile; fileRef = 9A8369631915E8700048FB2C /* AccountViewController.m */; };
		9A83D36C18EAB23A00A05C58 /* Foundation.framework in Frameworks */ = {isa = PBXBuildFile; fileRef = 9A83D36B18EAB23A00A05C58 /* Foundation.framework */; };
		9A83D36E18EAB23A00A05C58 /* CoreGraphics.framework in Frameworks */ = {isa = PBXBuildFile; fileRef = 9A83D36D18EAB23A00A05C58 /* CoreGraphics.framework */; };
		9A83D37018EAB23A00A05C58 /* UIKit.framework in Frameworks */ = {isa = PBXBuildFile; fileRef = 9A83D36F18EAB23A00A05C58 /* UIKit.framework */; };
		9A83D37618EAB23A00A05C58 /* InfoPlist.strings in Resources */ = {isa = PBXBuildFile; fileRef = 9A83D37418EAB23A00A05C58 /* InfoPlist.strings */; };
		9A83D37818EAB23A00A05C58 /* main.m in Sources */ = {isa = PBXBuildFile; fileRef = 9A83D37718EAB23A00A05C58 /* main.m */; };
		9A83D37C18EAB23A00A05C58 /* AppDelegate.m in Sources */ = {isa = PBXBuildFile; fileRef = 9A83D37B18EAB23A00A05C58 /* AppDelegate.m */; };
		9A83D37E18EAB23A00A05C58 /* Images.xcassets in Resources */ = {isa = PBXBuildFile; fileRef = 9A83D37D18EAB23A00A05C58 /* Images.xcassets */; };
		9A83D38518EAB23A00A05C58 /* XCTest.framework in Frameworks */ = {isa = PBXBuildFile; fileRef = 9A83D38418EAB23A00A05C58 /* XCTest.framework */; };
		9A83D38618EAB23A00A05C58 /* Foundation.framework in Frameworks */ = {isa = PBXBuildFile; fileRef = 9A83D36B18EAB23A00A05C58 /* Foundation.framework */; };
		9A83D38718EAB23A00A05C58 /* UIKit.framework in Frameworks */ = {isa = PBXBuildFile; fileRef = 9A83D36F18EAB23A00A05C58 /* UIKit.framework */; };
		9A83D38F18EAB23A00A05C58 /* InfoPlist.strings in Resources */ = {isa = PBXBuildFile; fileRef = 9A83D38D18EAB23A00A05C58 /* InfoPlist.strings */; };
		9A83D39118EAB23A00A05C58 /* RedditorTests.m in Sources */ = {isa = PBXBuildFile; fileRef = 9A83D39018EAB23A00A05C58 /* RedditorTests.m */; };
		9AB4BE021914E7D700C70313 /* LinkViewController.m in Sources */ = {isa = PBXBuildFile; fileRef = 9AB4BE011914E7D700C70313 /* LinkViewController.m */; };
		9AD4DE981904EE8F00666D3C /* RedditComment.m in Sources */ = {isa = PBXBuildFile; fileRef = 9AD4DE971904EE8F00666D3C /* RedditComment.m */; };
		9AFCE43019171FB6004835CD /* AddLinkViewController.m in Sources */ = {isa = PBXBuildFile; fileRef = 9AFCE42F19171FB6004835CD /* AddLinkViewController.m */; };
/* End PBXBuildFile section */

/* Begin PBXContainerItemProxy section */
		9A83D38818EAB23A00A05C58 /* PBXContainerItemProxy */ = {
			isa = PBXContainerItemProxy;
			containerPortal = 9A83D36018EAB23A00A05C58 /* Project object */;
			proxyType = 1;
			remoteGlobalIDString = 9A83D36718EAB23A00A05C58;
			remoteInfo = Redditor;
		};
/* End PBXContainerItemProxy section */

/* Begin PBXFileReference section */
		0A7C007F190110B200556313 /* MainTableViewController.h */ = {isa = PBXFileReference; fileEncoding = 4; lastKnownFileType = sourcecode.c.h; name = MainTableViewController.h; path = ../MainTableViewController.h; sourceTree = "<group>"; };
		0A7C0080190110B200556313 /* MainTableViewController.m */ = {isa = PBXFileReference; fileEncoding = 4; lastKnownFileType = sourcecode.c.objc; name = MainTableViewController.m; path = ../MainTableViewController.m; sourceTree = "<group>"; };
		0A7EBBFC191B5076008F4F1E /* account.png */ = {isa = PBXFileReference; lastKnownFileType = image.png; path = account.png; sourceTree = "<group>"; };
		0A7EBBFD191B5076008F4F1E /* askreddit.png */ = {isa = PBXFileReference; lastKnownFileType = image.png; path = askreddit.png; sourceTree = "<group>"; };
		0A7EBBFE191B5076008F4F1E /* games.png */ = {isa = PBXFileReference; lastKnownFileType = image.png; path = games.png; sourceTree = "<group>"; };
		0A7EBBFF191B5076008F4F1E /* news.png */ = {isa = PBXFileReference; lastKnownFileType = image.png; path = news.png; sourceTree = "<group>"; };
		0A7EBC00191B5076008F4F1E /* PICS.png */ = {isa = PBXFileReference; lastKnownFileType = image.png; path = PICS.png; sourceTree = "<group>"; };
		0A7EBC01191B5076008F4F1E /* worldnews.png */ = {isa = PBXFileReference; lastKnownFileType = image.png; path = worldnews.png; sourceTree = "<group>"; };
		0A7EBC08191B50D3008F4F1E /* running.png */ = {isa = PBXFileReference; lastKnownFileType = image.png; path = running.png; sourceTree = "<group>"; };
		0ACE6CFA190A060000E5E4DD /* SWRevealViewController.h */ = {isa = PBXFileReference; fileEncoding = 4; lastKnownFileType = sourcecode.c.h; path = SWRevealViewController.h; sourceTree = "<group>"; };
		0ACE6CFB190A060000E5E4DD /* SWRevealViewController.m */ = {isa = PBXFileReference; fileEncoding = 4; lastKnownFileType = sourcecode.c.objc; path = SWRevealViewController.m; sourceTree = "<group>"; };
		0ACE6D21190A122F00E5E4DD /* MainStoryboard.storyboard */ = {isa = PBXFileReference; fileEncoding = 4; lastKnownFileType = file.storyboard; path = MainStoryboard.storyboard; sourceTree = "<group>"; };
		0ACE6D25190A233200E5E4DD /* gear.png */ = {isa = PBXFileReference; lastKnownFileType = image.png; path = gear.png; sourceTree = "<group>"; };
		0ACE6D28190A24D900E5E4DD /* reddit-32-black.png */ = {isa = PBXFileReference; lastKnownFileType = image.png; name = "reddit-32-black.png"; path = "../Redditor/reddit-32-black.png"; sourceTree = "<group>"; };
		0ACE6D2A190A255000E5E4DD /* reddit-128-black.png */ = {isa = PBXFileReference; lastKnownFileType = image.png; name = "reddit-128-black.png"; path = "../Redditor/reddit-128-black.png"; sourceTree = "<group>"; };
		0ACE6D2E190A2B4B00E5E4DD /* menu@2x.png */ = {isa = PBXFileReference; lastKnownFileType = image.png; name = "menu@2x.png"; path = "../Redditor/menu@2x.png"; sourceTree = "<group>"; };
		0ACE6D30190A3BB200E5E4DD /* ListViewController.h */ = {isa = PBXFileReference; fileEncoding = 4; lastKnownFileType = sourcecode.c.h; name = ListViewController.h; path = ../ListViewController.h; sourceTree = "<group>"; };
		0ACE6D31190A3BB200E5E4DD /* ListViewController.m */ = {isa = PBXFileReference; fileEncoding = 4; lastKnownFileType = sourcecode.c.objc; name = ListViewController.m; path = ../ListViewController.m; sourceTree = "<group>"; };
		0ACE6D36190A3BB200E5E4DD /* SidebarViewController.h */ = {isa = PBXFileReference; fileEncoding = 4; lastKnownFileType = sourcecode.c.h; name = SidebarViewController.h; path = ../SidebarViewController.h; sourceTree = "<group>"; };
		0ACE6D37190A3BB200E5E4DD /* SidebarViewController.m */ = {isa = PBXFileReference; fileEncoding = 4; lastKnownFileType = sourcecode.c.objc; name = SidebarViewController.m; path = ../SidebarViewController.m; sourceTree = "<group>"; };
		0AFE456F1910A36E00C127B7 /* PostViewController.h */ = {isa = PBXFileReference; fileEncoding = 4; lastKnownFileType = sourcecode.c.h; path = PostViewController.h; sourceTree = "<group>"; };
		0AFE45701910A36E00C127B7 /* PostViewController.m */ = {isa = PBXFileReference; fileEncoding = 4; lastKnownFileType = sourcecode.c.objc; path = PostViewController.m; sourceTree = "<group>"; };
		9A14FDD6190FA94000B8D141 /* SearchListViewController.h */ = {isa = PBXFileReference; fileEncoding = 4; lastKnownFileType = sourcecode.c.h; path = SearchListViewController.h; sourceTree = "<group>"; };
		9A14FDD7190FA94000B8D141 /* SearchListViewController.m */ = {isa = PBXFileReference; fileEncoding = 4; lastKnownFileType = sourcecode.c.objc; path = SearchListViewController.m; sourceTree = "<group>"; };
		9A14FDD9190FB2AA00B8D141 /* SVPullToRefresh.h */ = {isa = PBXFileReference; fileEncoding = 4; lastKnownFileType = sourcecode.c.h; path = SVPullToRefresh.h; sourceTree = "<group>"; };
		9A14FDDA190FB2AA00B8D141 /* UIScrollView+SVInfiniteScrolling.h */ = {isa = PBXFileReference; fileEncoding = 4; lastKnownFileType = sourcecode.c.h; path = "UIScrollView+SVInfiniteScrolling.h"; sourceTree = "<group>"; };
		9A14FDDB190FB2AA00B8D141 /* UIScrollView+SVInfiniteScrolling.m */ = {isa = PBXFileReference; fileEncoding = 4; lastKnownFileType = sourcecode.c.objc; path = "UIScrollView+SVInfiniteScrolling.m"; sourceTree = "<group>"; };
		9A14FDDC190FB2AA00B8D141 /* UIScrollView+SVPullToRefresh.h */ = {isa = PBXFileReference; fileEncoding = 4; lastKnownFileType = sourcecode.c.h; path = "UIScrollView+SVPullToRefresh.h"; sourceTree = "<group>"; };
		9A14FDDD190FB2AA00B8D141 /* UIScrollView+SVPullToRefresh.m */ = {isa = PBXFileReference; fileEncoding = 4; lastKnownFileType = sourcecode.c.objc; path = "UIScrollView+SVPullToRefresh.m"; sourceTree = "<group>"; };
		9A1BD6A318F4D4DB00BF468B /* RedditorEngine.h */ = {isa = PBXFileReference; fileEncoding = 4; lastKnownFileType = sourcecode.c.h; path = RedditorEngine.h; sourceTree = "<group>"; };
		9A1BD6A418F4D4DB00BF468B /* RedditorEngine.m */ = {isa = PBXFileReference; fileEncoding = 4; lastKnownFileType = sourcecode.c.objc; path = RedditorEngine.m; sourceTree = "<group>"; };
		9A1BD6A618F4D59A00BF468B /* RedditPost.h */ = {isa = PBXFileReference; fileEncoding = 4; lastKnownFileType = sourcecode.c.h; path = RedditPost.h; sourceTree = "<group>"; };
		9A1BD6A718F4D59A00BF468B /* RedditPost.m */ = {isa = PBXFileReference; fileEncoding = 4; lastKnownFileType = sourcecode.c.objc; path = RedditPost.m; sourceTree = "<group>"; };
		9A1BD6A918F4DC1500BF468B /* RedditAPIConnector.h */ = {isa = PBXFileReference; fileEncoding = 4; lastKnownFileType = sourcecode.c.h; path = RedditAPIConnector.h; sourceTree = "<group>"; };
		9A1BD6AA18F4DC1500BF468B /* RedditAPIConnector.m */ = {isa = PBXFileReference; fileEncoding = 4; lastKnownFileType = sourcecode.c.objc; path = RedditAPIConnector.m; sourceTree = "<group>"; };
		9A393684191A4A85002BA5D5 /* ChangePWViewController.h */ = {isa = PBXFileReference; fileEncoding = 4; lastKnownFileType = sourcecode.c.h; path = ChangePWViewController.h; sourceTree = "<group>"; };
		9A393685191A4A85002BA5D5 /* ChangePWViewController.m */ = {isa = PBXFileReference; fileEncoding = 4; lastKnownFileType = sourcecode.c.objc; path = ChangePWViewController.m; sourceTree = "<group>"; };
		9A61F21C1918A6FC00CD209F /* ReplyViewController.h */ = {isa = PBXFileReference; fileEncoding = 4; lastKnownFileType = sourcecode.c.h; path = ReplyViewController.h; sourceTree = "<group>"; };
		9A61F21D1918A6FC00CD209F /* ReplyViewController.m */ = {isa = PBXFileReference; fileEncoding = 4; lastKnownFileType = sourcecode.c.objc; path = ReplyViewController.m; sourceTree = "<group>"; };
		9A8369621915E8700048FB2C /* AccountViewController.h */ = {isa = PBXFileReference; fileEncoding = 4; lastKnownFileType = sourcecode.c.h; path = AccountViewController.h; sourceTree = "<group>"; };
		9A8369631915E8700048FB2C /* AccountViewController.m */ = {isa = PBXFileReference; fileEncoding = 4; lastKnownFileType = sourcecode.c.objc; path = AccountViewController.m; sourceTree = "<group>"; };
		9A83D36818EAB23A00A05C58 /* Redditor.app */ = {isa = PBXFileReference; explicitFileType = wrapper.application; includeInIndex = 0; path = Redditor.app; sourceTree = BUILT_PRODUCTS_DIR; };
		9A83D36B18EAB23A00A05C58 /* Foundation.framework */ = {isa = PBXFileReference; lastKnownFileType = wrapper.framework; name = Foundation.framework; path = System/Library/Frameworks/Foundation.framework; sourceTree = SDKROOT; };
		9A83D36D18EAB23A00A05C58 /* CoreGraphics.framework */ = {isa = PBXFileReference; lastKnownFileType = wrapper.framework; name = CoreGraphics.framework; path = System/Library/Frameworks/CoreGraphics.framework; sourceTree = SDKROOT; };
		9A83D36F18EAB23A00A05C58 /* UIKit.framework */ = {isa = PBXFileReference; lastKnownFileType = wrapper.framework; name = UIKit.framework; path = System/Library/Frameworks/UIKit.framework; sourceTree = SDKROOT; };
		9A83D37318EAB23A00A05C58 /* Redditor-Info.plist */ = {isa = PBXFileReference; lastKnownFileType = text.plist.xml; path = "Redditor-Info.plist"; sourceTree = "<group>"; };
		9A83D37518EAB23A00A05C58 /* en */ = {isa = PBXFileReference; lastKnownFileType = text.plist.strings; name = en; path = en.lproj/InfoPlist.strings; sourceTree = "<group>"; };
		9A83D37718EAB23A00A05C58 /* main.m */ = {isa = PBXFileReference; lastKnownFileType = sourcecode.c.objc; path = main.m; sourceTree = "<group>"; };
		9A83D37918EAB23A00A05C58 /* Redditor-Prefix.pch */ = {isa = PBXFileReference; lastKnownFileType = sourcecode.c.h; path = "Redditor-Prefix.pch"; sourceTree = "<group>"; };
		9A83D37A18EAB23A00A05C58 /* AppDelegate.h */ = {isa = PBXFileReference; lastKnownFileType = sourcecode.c.h; path = AppDelegate.h; sourceTree = "<group>"; };
		9A83D37B18EAB23A00A05C58 /* AppDelegate.m */ = {isa = PBXFileReference; lastKnownFileType = sourcecode.c.objc; path = AppDelegate.m; sourceTree = "<group>"; };
		9A83D37D18EAB23A00A05C58 /* Images.xcassets */ = {isa = PBXFileReference; lastKnownFileType = folder.assetcatalog; path = Images.xcassets; sourceTree = "<group>"; };
		9A83D38318EAB23A00A05C58 /* RedditorTests.xctest */ = {isa = PBXFileReference; explicitFileType = wrapper.cfbundle; includeInIndex = 0; path = RedditorTests.xctest; sourceTree = BUILT_PRODUCTS_DIR; };
		9A83D38418EAB23A00A05C58 /* XCTest.framework */ = {isa = PBXFileReference; lastKnownFileType = wrapper.framework; name = XCTest.framework; path = Library/Frameworks/XCTest.framework; sourceTree = DEVELOPER_DIR; };
		9A83D38C18EAB23A00A05C58 /* RedditorTests-Info.plist */ = {isa = PBXFileReference; lastKnownFileType = text.plist.xml; path = "RedditorTests-Info.plist"; sourceTree = "<group>"; };
		9A83D38E18EAB23A00A05C58 /* en */ = {isa = PBXFileReference; lastKnownFileType = text.plist.strings; name = en; path = en.lproj/InfoPlist.strings; sourceTree = "<group>"; };
		9A83D39018EAB23A00A05C58 /* RedditorTests.m */ = {isa = PBXFileReference; lastKnownFileType = sourcecode.c.objc; path = RedditorTests.m; sourceTree = "<group>"; };
		9AB4BE001914E7D700C70313 /* LinkViewController.h */ = {isa = PBXFileReference; fileEncoding = 4; lastKnownFileType = sourcecode.c.h; path = LinkViewController.h; sourceTree = "<group>"; };
		9AB4BE011914E7D700C70313 /* LinkViewController.m */ = {isa = PBXFileReference; fileEncoding = 4; lastKnownFileType = sourcecode.c.objc; path = LinkViewController.m; sourceTree = "<group>"; };
		9AD4DE961904EE8F00666D3C /* RedditComment.h */ = {isa = PBXFileReference; fileEncoding = 4; lastKnownFileType = sourcecode.c.h; path = RedditComment.h; sourceTree = "<group>"; };
		9AD4DE971904EE8F00666D3C /* RedditComment.m */ = {isa = PBXFileReference; fileEncoding = 4; lastKnownFileType = sourcecode.c.objc; path = RedditComment.m; sourceTree = "<group>"; };
		9AFCE42E19171FB6004835CD /* AddLinkViewController.h */ = {isa = PBXFileReference; fileEncoding = 4; lastKnownFileType = sourcecode.c.h; path = AddLinkViewController.h; sourceTree = "<group>"; };
		9AFCE42F19171FB6004835CD /* AddLinkViewController.m */ = {isa = PBXFileReference; fileEncoding = 4; lastKnownFileType = sourcecode.c.objc; path = AddLinkViewController.m; sourceTree = "<group>"; };
/* End PBXFileReference section */

/* Begin PBXFrameworksBuildPhase section */
		9A83D36518EAB23A00A05C58 /* Frameworks */ = {
			isa = PBXFrameworksBuildPhase;
			buildActionMask = 2147483647;
			files = (
				9A83D36E18EAB23A00A05C58 /* CoreGraphics.framework in Frameworks */,
				9A83D37018EAB23A00A05C58 /* UIKit.framework in Frameworks */,
				9A83D36C18EAB23A00A05C58 /* Foundation.framework in Frameworks */,
			);
			runOnlyForDeploymentPostprocessing = 0;
		};
		9A83D38018EAB23A00A05C58 /* Frameworks */ = {
			isa = PBXFrameworksBuildPhase;
			buildActionMask = 2147483647;
			files = (
				9A83D38518EAB23A00A05C58 /* XCTest.framework in Frameworks */,
				9A83D38718EAB23A00A05C58 /* UIKit.framework in Frameworks */,
				9A83D38618EAB23A00A05C58 /* Foundation.framework in Frameworks */,
			);
			runOnlyForDeploymentPostprocessing = 0;
		};
/* End PBXFrameworksBuildPhase section */

/* Begin PBXGroup section */
		0ACE6D23190A233200E5E4DD /* Icon */ = {
			isa = PBXGroup;
			children = (
				0A7EBC08191B50D3008F4F1E /* running.png */,
				0A7EBBFC191B5076008F4F1E /* account.png */,
				0A7EBBFD191B5076008F4F1E /* askreddit.png */,
				0A7EBBFE191B5076008F4F1E /* games.png */,
				0A7EBBFF191B5076008F4F1E /* news.png */,
				0A7EBC00191B5076008F4F1E /* PICS.png */,
				0A7EBC01191B5076008F4F1E /* worldnews.png */,
				0ACE6D28190A24D900E5E4DD /* reddit-32-black.png */,
				0ACE6D2A190A255000E5E4DD /* reddit-128-black.png */,
				0ACE6D25190A233200E5E4DD /* gear.png */,
				0ACE6D2E190A2B4B00E5E4DD /* menu@2x.png */,
			);
			path = Icon;
			sourceTree = "<group>";
		};
		9A83D35F18EAB23A00A05C58 = {
			isa = PBXGroup;
			children = (
				0ACE6D23190A233200E5E4DD /* Icon */,
				9A83D37118EAB23A00A05C58 /* Redditor */,
				9A83D38A18EAB23A00A05C58 /* RedditorTests */,
				9A83D36A18EAB23A00A05C58 /* Frameworks */,
				9A83D36918EAB23A00A05C58 /* Products */,
			);
			sourceTree = "<group>";
		};
		9A83D36918EAB23A00A05C58 /* Products */ = {
			isa = PBXGroup;
			children = (
				9A83D36818EAB23A00A05C58 /* Redditor.app */,
				9A83D38318EAB23A00A05C58 /* RedditorTests.xctest */,
			);
			name = Products;
			sourceTree = "<group>";
		};
		9A83D36A18EAB23A00A05C58 /* Frameworks */ = {
			isa = PBXGroup;
			children = (
				9A83D36B18EAB23A00A05C58 /* Foundation.framework */,
				9A83D36D18EAB23A00A05C58 /* CoreGraphics.framework */,
				9A83D36F18EAB23A00A05C58 /* UIKit.framework */,
				9A83D38418EAB23A00A05C58 /* XCTest.framework */,
			);
			name = Frameworks;
			sourceTree = "<group>";
		};
		9A83D37118EAB23A00A05C58 /* Redditor */ = {
			isa = PBXGroup;
			children = (
				9A14FDD9190FB2AA00B8D141 /* SVPullToRefresh.h */,
				9A14FDDA190FB2AA00B8D141 /* UIScrollView+SVInfiniteScrolling.h */,
				9A14FDDB190FB2AA00B8D141 /* UIScrollView+SVInfiniteScrolling.m */,
				9A14FDDC190FB2AA00B8D141 /* UIScrollView+SVPullToRefresh.h */,
				9A14FDDD190FB2AA00B8D141 /* UIScrollView+SVPullToRefresh.m */,
				0ACE6D30190A3BB200E5E4DD /* ListViewController.h */,
				0ACE6D31190A3BB200E5E4DD /* ListViewController.m */,
				0ACE6D36190A3BB200E5E4DD /* SidebarViewController.h */,
				0ACE6D37190A3BB200E5E4DD /* SidebarViewController.m */,
				9A83D37A18EAB23A00A05C58 /* AppDelegate.h */,
				9A83D37B18EAB23A00A05C58 /* AppDelegate.m */,
				0A7C007F190110B200556313 /* MainTableViewController.h */,
				0A7C0080190110B200556313 /* MainTableViewController.m */,
				0ACE6D21190A122F00E5E4DD /* MainStoryboard.storyboard */,
				0AFE456F1910A36E00C127B7 /* PostViewController.h */,
				0AFE45701910A36E00C127B7 /* PostViewController.m */,
				9A83D37D18EAB23A00A05C58 /* Images.xcassets */,
				9A83D37218EAB23A00A05C58 /* Supporting Files */,
				9A1BD6A318F4D4DB00BF468B /* RedditorEngine.h */,
				9A1BD6A418F4D4DB00BF468B /* RedditorEngine.m */,
				9A1BD6A618F4D59A00BF468B /* RedditPost.h */,
				9A1BD6A718F4D59A00BF468B /* RedditPost.m */,
				9AD4DE961904EE8F00666D3C /* RedditComment.h */,
				9AD4DE971904EE8F00666D3C /* RedditComment.m */,
				9A1BD6AA18F4DC1500BF468B /* RedditAPIConnector.m */,
				9A1BD6A918F4DC1500BF468B /* RedditAPIConnector.h */,
				0ACE6CFA190A060000E5E4DD /* SWRevealViewController.h */,
				0ACE6CFB190A060000E5E4DD /* SWRevealViewController.m */,
				9A14FDD6190FA94000B8D141 /* SearchListViewController.h */,
				9A14FDD7190FA94000B8D141 /* SearchListViewController.m */,
				9AB4BE001914E7D700C70313 /* LinkViewController.h */,
				9AB4BE011914E7D700C70313 /* LinkViewController.m */,
				9A8369621915E8700048FB2C /* AccountViewController.h */,
				9A8369631915E8700048FB2C /* AccountViewController.m */,
				9AFCE42E19171FB6004835CD /* AddLinkViewController.h */,
				9AFCE42F19171FB6004835CD /* AddLinkViewController.m */,
				9A61F21C1918A6FC00CD209F /* ReplyViewController.h */,
				9A61F21D1918A6FC00CD209F /* ReplyViewController.m */,
				9A393684191A4A85002BA5D5 /* ChangePWViewController.h */,
				9A393685191A4A85002BA5D5 /* ChangePWViewController.m */,
			);
			path = Redditor;
			sourceTree = "<group>";
		};
		9A83D37218EAB23A00A05C58 /* Supporting Files */ = {
			isa = PBXGroup;
			children = (
				9A83D37318EAB23A00A05C58 /* Redditor-Info.plist */,
				9A83D37418EAB23A00A05C58 /* InfoPlist.strings */,
				9A83D37718EAB23A00A05C58 /* main.m */,
				9A83D37918EAB23A00A05C58 /* Redditor-Prefix.pch */,
			);
			name = "Supporting Files";
			sourceTree = "<group>";
		};
		9A83D38A18EAB23A00A05C58 /* RedditorTests */ = {
			isa = PBXGroup;
			children = (
				9A83D39018EAB23A00A05C58 /* RedditorTests.m */,
				9A83D38B18EAB23A00A05C58 /* Supporting Files */,
			);
			path = RedditorTests;
			sourceTree = "<group>";
		};
		9A83D38B18EAB23A00A05C58 /* Supporting Files */ = {
			isa = PBXGroup;
			children = (
				9A83D38C18EAB23A00A05C58 /* RedditorTests-Info.plist */,
				9A83D38D18EAB23A00A05C58 /* InfoPlist.strings */,
			);
			name = "Supporting Files";
			sourceTree = "<group>";
		};
/* End PBXGroup section */

/* Begin PBXNativeTarget section */
		9A83D36718EAB23A00A05C58 /* Redditor */ = {
			isa = PBXNativeTarget;
			buildConfigurationList = 9A83D39418EAB23A00A05C58 /* Build configuration list for PBXNativeTarget "Redditor" */;
			buildPhases = (
				9A83D36418EAB23A00A05C58 /* Sources */,
				9A83D36518EAB23A00A05C58 /* Frameworks */,
				9A83D36618EAB23A00A05C58 /* Resources */,
			);
			buildRules = (
			);
			dependencies = (
			);
			name = Redditor;
			productName = Redditor;
			productReference = 9A83D36818EAB23A00A05C58 /* Redditor.app */;
			productType = "com.apple.product-type.application";
		};
		9A83D38218EAB23A00A05C58 /* RedditorTests */ = {
			isa = PBXNativeTarget;
			buildConfigurationList = 9A83D39718EAB23A00A05C58 /* Build configuration list for PBXNativeTarget "RedditorTests" */;
			buildPhases = (
				9A83D37F18EAB23A00A05C58 /* Sources */,
				9A83D38018EAB23A00A05C58 /* Frameworks */,
				9A83D38118EAB23A00A05C58 /* Resources */,
			);
			buildRules = (
			);
			dependencies = (
				9A83D38918EAB23A00A05C58 /* PBXTargetDependency */,
			);
			name = RedditorTests;
			productName = RedditorTests;
			productReference = 9A83D38318EAB23A00A05C58 /* RedditorTests.xctest */;
			productType = "com.apple.product-type.bundle.unit-test";
		};
/* End PBXNativeTarget section */

/* Begin PBXProject section */
		9A83D36018EAB23A00A05C58 /* Project object */ = {
			isa = PBXProject;
			attributes = {
				LastUpgradeCheck = 0510;
				ORGANIZATIONNAME = Berkeley;
				TargetAttributes = {
					9A83D38218EAB23A00A05C58 = {
						TestTargetID = 9A83D36718EAB23A00A05C58;
					};
				};
			};
			buildConfigurationList = 9A83D36318EAB23A00A05C58 /* Build configuration list for PBXProject "Redditor" */;
			compatibilityVersion = "Xcode 3.2";
			developmentRegion = English;
			hasScannedForEncodings = 0;
			knownRegions = (
				en,
			);
			mainGroup = 9A83D35F18EAB23A00A05C58;
			productRefGroup = 9A83D36918EAB23A00A05C58 /* Products */;
			projectDirPath = "";
			projectRoot = "";
			targets = (
				9A83D36718EAB23A00A05C58 /* Redditor */,
				9A83D38218EAB23A00A05C58 /* RedditorTests */,
			);
		};
/* End PBXProject section */

/* Begin PBXResourcesBuildPhase section */
		9A83D36618EAB23A00A05C58 /* Resources */ = {
			isa = PBXResourcesBuildPhase;
			buildActionMask = 2147483647;
			files = (
				0ACE6D22190A122F00E5E4DD /* MainStoryboard.storyboard in Resources */,
				0A7EBC04191B5076008F4F1E /* games.png in Resources */,
				0A7EBC02191B5076008F4F1E /* account.png in Resources */,
				0ACE6D2B190A255000E5E4DD /* reddit-128-black.png in Resources */,
				0ACE6D27190A233200E5E4DD /* gear.png in Resources */,
				0ACE6D2F190A2B4B00E5E4DD /* menu@2x.png in Resources */,
				0A7EBC07191B5076008F4F1E /* worldnews.png in Resources */,
				0ACE6D29190A24D900E5E4DD /* reddit-32-black.png in Resources */,
				0A7EBC06191B5076008F4F1E /* PICS.png in Resources */,
				9A83D37618EAB23A00A05C58 /* InfoPlist.strings in Resources */,
				0A7EBC05191B5076008F4F1E /* news.png in Resources */,
				0A7EBC03191B5076008F4F1E /* askreddit.png in Resources */,
				9A83D37E18EAB23A00A05C58 /* Images.xcassets in Resources */,
				0A7EBC09191B50D3008F4F1E /* running.png in Resources */,
			);
			runOnlyForDeploymentPostprocessing = 0;
		};
		9A83D38118EAB23A00A05C58 /* Resources */ = {
			isa = PBXResourcesBuildPhase;
			buildActionMask = 2147483647;
			files = (
				9A83D38F18EAB23A00A05C58 /* InfoPlist.strings in Resources */,
			);
			runOnlyForDeploymentPostprocessing = 0;
		};
/* End PBXResourcesBuildPhase section */

/* Begin PBXSourcesBuildPhase section */
		9A83D36418EAB23A00A05C58 /* Sources */ = {
			isa = PBXSourcesBuildPhase;
			buildActionMask = 2147483647;
			files = (
				9A393686191A4A85002BA5D5 /* ChangePWViewController.m in Sources */,
				9A1BD6A518F4D4DB00BF468B /* RedditorEngine.m in Sources */,
				9AFCE43019171FB6004835CD /* AddLinkViewController.m in Sources */,
				9A1BD6AB18F4DC1500BF468B /* RedditAPIConnector.m in Sources */,
				9A61F21E1918A6FC00CD209F /* ReplyViewController.m in Sources */,
				0ACE6D38190A3BB200E5E4DD /* ListViewController.m in Sources */,
				0ACE6D3B190A3BB200E5E4DD /* SidebarViewController.m in Sources */,
				9A8369641915E8700048FB2C /* AccountViewController.m in Sources */,
				0AFE45711910A36E00C127B7 /* PostViewController.m in Sources */,
				0A7C0081190110B200556313 /* MainTableViewController.m in Sources */,
				9AB4BE021914E7D700C70313 /* LinkViewController.m in Sources */,
				0ACE6CFC190A060000E5E4DD /* SWRevealViewController.m in Sources */,
				9A1BD6A818F4D59A00BF468B /* RedditPost.m in Sources */,
				9A83D37C18EAB23A00A05C58 /* AppDelegate.m in Sources */,
				9A14FDD8190FA94000B8D141 /* SearchListViewController.m in Sources */,
				9A83D37818EAB23A00A05C58 /* main.m in Sources */,
				9AD4DE981904EE8F00666D3C /* RedditComment.m in Sources */,
				9A14FDDE190FB2AA00B8D141 /* UIScrollView+SVInfiniteScrolling.m in Sources */,
				9A14FDDF190FB2AA00B8D141 /* UIScrollView+SVPullToRefresh.m in Sources */,
			);
			runOnlyForDeploymentPostprocessing = 0;
		};
		9A83D37F18EAB23A00A05C58 /* Sources */ = {
			isa = PBXSourcesBuildPhase;
			buildActionMask = 2147483647;
			files = (
				9A83D39118EAB23A00A05C58 /* RedditorTests.m in Sources */,
			);
			runOnlyForDeploymentPostprocessing = 0;
		};
/* End PBXSourcesBuildPhase section */

/* Begin PBXTargetDependency section */
		9A83D38918EAB23A00A05C58 /* PBXTargetDependency */ = {
			isa = PBXTargetDependency;
			target = 9A83D36718EAB23A00A05C58 /* Redditor */;
			targetProxy = 9A83D38818EAB23A00A05C58 /* PBXContainerItemProxy */;
		};
/* End PBXTargetDependency section */

/* Begin PBXVariantGroup section */
		9A83D37418EAB23A00A05C58 /* InfoPlist.strings */ = {
			isa = PBXVariantGroup;
			children = (
				9A83D37518EAB23A00A05C58 /* en */,
			);
			name = InfoPlist.strings;
			sourceTree = "<group>";
		};
		9A83D38D18EAB23A00A05C58 /* InfoPlist.strings */ = {
			isa = PBXVariantGroup;
			children = (
				9A83D38E18EAB23A00A05C58 /* en */,
			);
			name = InfoPlist.strings;
			sourceTree = "<group>";
		};
/* End PBXVariantGroup section */

/* Begin XCBuildConfiguration section */
		9A83D39218EAB23A00A05C58 /* Debug */ = {
			isa = XCBuildConfiguration;
			buildSettings = {
				ALWAYS_SEARCH_USER_PATHS = NO;
				CLANG_CXX_LANGUAGE_STANDARD = "gnu++0x";
				CLANG_CXX_LIBRARY = "libc++";
				CLANG_ENABLE_MODULES = YES;
				CLANG_ENABLE_OBJC_ARC = YES;
				CLANG_WARN_BOOL_CONVERSION = YES;
				CLANG_WARN_CONSTANT_CONVERSION = YES;
				CLANG_WARN_DIRECT_OBJC_ISA_USAGE = YES_ERROR;
				CLANG_WARN_EMPTY_BODY = YES;
				CLANG_WARN_ENUM_CONVERSION = YES;
				CLANG_WARN_INT_CONVERSION = YES;
				CLANG_WARN_OBJC_ROOT_CLASS = YES_ERROR;
				CLANG_WARN__DUPLICATE_METHOD_MATCH = YES;
				"CODE_SIGN_IDENTITY[sdk=iphoneos*]" = "iPhone Developer";
				COPY_PHASE_STRIP = NO;
				GCC_C_LANGUAGE_STANDARD = gnu99;
				GCC_DYNAMIC_NO_PIC = NO;
				GCC_OPTIMIZATION_LEVEL = 0;
				GCC_PREPROCESSOR_DEFINITIONS = (
					"DEBUG=1",
					"$(inherited)",
				);
				GCC_SYMBOLS_PRIVATE_EXTERN = NO;
				GCC_WARN_64_TO_32_BIT_CONVERSION = YES;
				GCC_WARN_ABOUT_RETURN_TYPE = YES_ERROR;
				GCC_WARN_UNDECLARED_SELECTOR = YES;
				GCC_WARN_UNINITIALIZED_AUTOS = YES_AGGRESSIVE;
				GCC_WARN_UNUSED_FUNCTION = YES;
				GCC_WARN_UNUSED_VARIABLE = YES;
				IPHONEOS_DEPLOYMENT_TARGET = 7.1;
				ONLY_ACTIVE_ARCH = YES;
				SDKROOT = iphoneos;
				TARGETED_DEVICE_FAMILY = "1,2";
			};
			name = Debug;
		};
		9A83D39318EAB23A00A05C58 /* Release */ = {
			isa = XCBuildConfiguration;
			buildSettings = {
				ALWAYS_SEARCH_USER_PATHS = NO;
				CLANG_CXX_LANGUAGE_STANDARD = "gnu++0x";
				CLANG_CXX_LIBRARY = "libc++";
				CLANG_ENABLE_MODULES = YES;
				CLANG_ENABLE_OBJC_ARC = YES;
				CLANG_WARN_BOOL_CONVERSION = YES;
				CLANG_WARN_CONSTANT_CONVERSION = YES;
				CLANG_WARN_DIRECT_OBJC_ISA_USAGE = YES_ERROR;
				CLANG_WARN_EMPTY_BODY = YES;
				CLANG_WARN_ENUM_CONVERSION = YES;
				CLANG_WARN_INT_CONVERSION = YES;
				CLANG_WARN_OBJC_ROOT_CLASS = YES_ERROR;
				CLANG_WARN__DUPLICATE_METHOD_MATCH = YES;
				"CODE_SIGN_IDENTITY[sdk=iphoneos*]" = "iPhone Developer";
				COPY_PHASE_STRIP = YES;
				ENABLE_NS_ASSERTIONS = NO;
				GCC_C_LANGUAGE_STANDARD = gnu99;
				GCC_WARN_64_TO_32_BIT_CONVERSION = YES;
				GCC_WARN_ABOUT_RETURN_TYPE = YES_ERROR;
				GCC_WARN_UNDECLARED_SELECTOR = YES;
				GCC_WARN_UNINITIALIZED_AUTOS = YES_AGGRESSIVE;
				GCC_WARN_UNUSED_FUNCTION = YES;
				GCC_WARN_UNUSED_VARIABLE = YES;
				IPHONEOS_DEPLOYMENT_TARGET = 7.1;
				SDKROOT = iphoneos;
				TARGETED_DEVICE_FAMILY = "1,2";
				VALIDATE_PRODUCT = YES;
			};
			name = Release;
		};
		9A83D39518EAB23A00A05C58 /* Debug */ = {
			isa = XCBuildConfiguration;
			buildSettings = {
				ASSETCATALOG_COMPILER_APPICON_NAME = AppIcon;
				ASSETCATALOG_COMPILER_LAUNCHIMAGE_NAME = LaunchImage;
				GCC_PRECOMPILE_PREFIX_HEADER = YES;
				GCC_PREFIX_HEADER = "Redditor/Redditor-Prefix.pch";
				INFOPLIST_FILE = "Redditor/Redditor-Info.plist";
				PRODUCT_NAME = "$(TARGET_NAME)";
				WRAPPER_EXTENSION = app;
			};
			name = Debug;
		};
		9A83D39618EAB23A00A05C58 /* Release */ = {
			isa = XCBuildConfiguration;
			buildSettings = {
				ASSETCATALOG_COMPILER_APPICON_NAME = AppIcon;
				ASSETCATALOG_COMPILER_LAUNCHIMAGE_NAME = LaunchImage;
				GCC_PRECOMPILE_PREFIX_HEADER = YES;
				GCC_PREFIX_HEADER = "Redditor/Redditor-Prefix.pch";
				INFOPLIST_FILE = "Redditor/Redditor-Info.plist";
				PRODUCT_NAME = "$(TARGET_NAME)";
				WRAPPER_EXTENSION = app;
			};
			name = Release;
		};
		9A83D39818EAB23A00A05C58 /* Debug */ = {
			isa = XCBuildConfiguration;
			buildSettings = {
				BUNDLE_LOADER = "$(BUILT_PRODUCTS_DIR)/Redditor.app/Redditor";
				FRAMEWORK_SEARCH_PATHS = (
					"$(SDKROOT)/Developer/Library/Frameworks",
					"$(inherited)",
					"$(DEVELOPER_FRAMEWORKS_DIR)",
				);
				GCC_PRECOMPILE_PREFIX_HEADER = YES;
				GCC_PREFIX_HEADER = "Redditor/Redditor-Prefix.pch";
				GCC_PREPROCESSOR_DEFINITIONS = (
					"DEBUG=1",
					"$(inherited)",
				);
				INFOPLIST_FILE = "RedditorTests/RedditorTests-Info.plist";
				PRODUCT_NAME = "$(TARGET_NAME)";
				TEST_HOST = "$(BUNDLE_LOADER)";
				WRAPPER_EXTENSION = xctest;
			};
			name = Debug;
		};
		9A83D39918EAB23A00A05C58 /* Release */ = {
			isa = XCBuildConfiguration;
			buildSettings = {
				BUNDLE_LOADER = "$(BUILT_PRODUCTS_DIR)/Redditor.app/Redditor";
				FRAMEWORK_SEARCH_PATHS = (
					"$(SDKROOT)/Developer/Library/Frameworks",
					"$(inherited)",
					"$(DEVELOPER_FRAMEWORKS_DIR)",
				);
				GCC_PRECOMPILE_PREFIX_HEADER = YES;
				GCC_PREFIX_HEADER = "Redditor/Redditor-Prefix.pch";
				INFOPLIST_FILE = "RedditorTests/RedditorTests-Info.plist";
				PRODUCT_NAME = "$(TARGET_NAME)";
				TEST_HOST = "$(BUNDLE_LOADER)";
				WRAPPER_EXTENSION = xctest;
			};
			name = Release;
		};
/* End XCBuildConfiguration section */

/* Begin XCConfigurationList section */
		9A83D36318EAB23A00A05C58 /* Build configuration list for PBXProject "Redditor" */ = {
			isa = XCConfigurationList;
			buildConfigurations = (
				9A83D39218EAB23A00A05C58 /* Debug */,
				9A83D39318EAB23A00A05C58 /* Release */,
			);
			defaultConfigurationIsVisible = 0;
			defaultConfigurationName = Release;
		};
		9A83D39418EAB23A00A05C58 /* Build configuration list for PBXNativeTarget "Redditor" */ = {
			isa = XCConfigurationList;
			buildConfigurations = (
				9A83D39518EAB23A00A05C58 /* Debug */,
				9A83D39618EAB23A00A05C58 /* Release */,
			);
			defaultConfigurationIsVisible = 0;
			defaultConfigurationName = Release;
		};
		9A83D39718EAB23A00A05C58 /* Build configuration list for PBXNativeTarget "RedditorTests" */ = {
			isa = XCConfigurationList;
			buildConfigurations = (
				9A83D39818EAB23A00A05C58 /* Debug */,
				9A83D39918EAB23A00A05C58 /* Release */,
			);
			defaultConfigurationIsVisible = 0;
			defaultConfigurationName = Release;
		};
/* End XCConfigurationList section */
	};
	rootObject = 9A83D36018EAB23A00A05C58 /* Project object */;
}
